
Microsoft Visual Studio Solution File, Format Version 12.00
# Visual Studio Version 16
VisualStudioVersion = 16.0.29306.81
MinimumVisualStudioVersion = 10.0.40219.1
Project("{FAE04EC0-301F-11D3-BF4B-00C04F79EFBC}") = "tomcMatija", "tomcMatija\tomcMatija.csproj", "{0B0E89F0-DE16-4EA0-8C86-78AD6A03DDBC}"
EndProject
Global
	GlobalSection(SolutionConfigurationPlatforms) = preSolution
		Debug|Any CPU = Debug|Any CPU
		Release|Any CPU = Release|Any CPU
	EndGlobalSection
	GlobalSection(ProjectConfigurationPlatforms) = postSolution
		{0B0E89F0-DE16-4EA0-8C86-78AD6A03DDBC}.Debug|Any CPU.ActiveCfg = Debug|Any CPU
		{0B0E89F0-DE16-4EA0-8C86-78AD6A03DDBC}.Debug|Any CPU.Build.0 = Debug|Any CPU
		{0B0E89F0-DE16-4EA0-8C86-78AD6A03DDBC}.Release|Any CPU.ActiveCfg = Release|Any CPU
		{0B0E89F0-DE16-4EA0-8C86-78AD6A03DDBC}.Release|Any CPU.Build.0 = Release|Any CPU
	EndGlobalSection
	GlobalSection(SolutionProperties) = preSolution
		HideSolutionNode = FALSE
	EndGlobalSection
	GlobalSection(ExtensibilityGlobals) = postSolution
		SolutionGuid = {99428D37-E4AF-40FF-ABF2-3A9711CCE8BF}
	EndGlobalSection
EndGlobal
